
Microsoft Visual Studio Solution File, Format Version 12.00
# Visual Studio Version 17
VisualStudioVersion = 17.0.31912.275
MinimumVisualStudioVersion = 10.0.40219.1
Project("{2150E333-8FDC-42A3-9474-1A3956D46DE8}") = "src", "src", "{2AAA9531-A5CE-407D-81D4-B15EE4C34FD7}"
EndProject
Project("{FAE04EC0-301F-11D3-BF4B-00C04F79EFBC}") = "UpyunAction", "src\UpyunAction\UpyunAction.csproj", "{F256BA39-3156-442A-B233-1D5F157E9A84}"
EndProject
Global
	GlobalSection(SolutionConfigurationPlatforms) = preSolution
		Debug|Any CPU = Debug|Any CPU
		Release|Any CPU = Release|Any CPU
	EndGlobalSection
	GlobalSection(ProjectConfigurationPlatforms) = postSolution
		{F256BA39-3156-442A-B233-1D5F157E9A84}.Debug|Any CPU.ActiveCfg = Debug|Any CPU
		{F256BA39-3156-442A-B233-1D5F157E9A84}.Debug|Any CPU.Build.0 = Debug|Any CPU
		{F256BA39-3156-442A-B233-1D5F157E9A84}.Release|Any CPU.ActiveCfg = Release|Any CPU
		{F256BA39-3156-442A-B233-1D5F157E9A84}.Release|Any CPU.Build.0 = Release|Any CPU
	EndGlobalSection
	GlobalSection(SolutionProperties) = preSolution
		HideSolutionNode = FALSE
	EndGlobalSection
	GlobalSection(NestedProjects) = preSolution
		{F256BA39-3156-442A-B233-1D5F157E9A84} = {2AAA9531-A5CE-407D-81D4-B15EE4C34FD7}
	EndGlobalSection
	GlobalSection(ExtensibilityGlobals) = postSolution
		SolutionGuid = {2981FD3B-7AF5-43F2-89BF-9A49C18FF859}
	EndGlobalSection
EndGlobal
